
Microsoft Visual Studio Solution File, Format Version 12.00
# Visual Studio Version 17
VisualStudioVersion = 17.5.33516.290
MinimumVisualStudioVersion = 10.0.40219.1
Project("{8BC9CEB8-8B4A-11D0-8D11-00A0C91BC942}") = "SuperMarioBros-Codegen", "SuperMarioBros-Codegen.vcxproj", "{E1428418-D81F-46DE-B5E0-8D9A7A390B9B}"
EndProject
Global
	GlobalSection(SolutionConfigurationPlatforms) = preSolution
		Debug|x64 = Debug|x64
		Debug|x86 = Debug|x86
		Release|x64 = Release|x64
		Release|x86 = Release|x86
	EndGlobalSection
	GlobalSection(ProjectConfigurationPlatforms) = postSolution
		{E1428418-D81F-46DE-B5E0-8D9A7A390B9B}.Debug|x64.ActiveCfg = Debug|x64
		{E1428418-D81F-46DE-B5E0-8D9A7A390B9B}.Debug|x64.Build.0 = Debug|x64
		{E1428418-D81F-46DE-B5E0-8D9A7A390B9B}.Debug|x86.ActiveCfg = Debug|Win32
		{E1428418-D81F-46DE-B5E0-8D9A7A390B9B}.Debug|x86.Build.0 = Debug|Win32
		{E1428418-D81F-46DE-B5E0-8D9A7A390B9B}.Release|x64.ActiveCfg = Release|x64
		{E1428418-D81F-46DE-B5E0-8D9A7A390B9B}.Release|x64.Build.0 = Release|x64
		{E1428418-D81F-46DE-B5E0-8D9A7A390B9B}.Release|x86.ActiveCfg = Release|Win32
		{E1428418-D81F-46DE-B5E0-8D9A7A390B9B}.Release|x86.Build.0 = Release|Win32
	EndGlobalSection
	GlobalSection(SolutionProperties) = preSolution
		HideSolutionNode = FALSE
	EndGlobalSection
	GlobalSection(ExtensibilityGlobals) = postSolution
		SolutionGuid = {ADEA7FCF-CFB9-455A-99B3-925099BA30EC}
	EndGlobalSection
EndGlobal
